
Microsoft Visual Studio Solution File, Format Version 12.00
# Visual Studio Version 17
VisualStudioVersion = 17.6.33829.357
MinimumVisualStudioVersion = 10.0.40219.1
Project("{FAE04EC0-301F-11D3-BF4B-00C04F79EFBC}") = "Rectangular", "Rectangular\Rectangular.csproj", "{717129CC-3567-49CC-BDEB-C72D6A22179A}"
EndProject
Global
	GlobalSection(SolutionConfigurationPlatforms) = preSolution
		Debug|Any CPU = Debug|Any CPU
		Release|Any CPU = Release|Any CPU
	EndGlobalSection
	GlobalSection(ProjectConfigurationPlatforms) = postSolution
		{717129CC-3567-49CC-BDEB-C72D6A22179A}.Debug|Any CPU.ActiveCfg = Debug|Any CPU
		{717129CC-3567-49CC-BDEB-C72D6A22179A}.Debug|Any CPU.Build.0 = Debug|Any CPU
		{717129CC-3567-49CC-BDEB-C72D6A22179A}.Release|Any CPU.ActiveCfg = Release|Any CPU
		{717129CC-3567-49CC-BDEB-C72D6A22179A}.Release|Any CPU.Build.0 = Release|Any CPU
	EndGlobalSection
	GlobalSection(SolutionProperties) = preSolution
		HideSolutionNode = FALSE
	EndGlobalSection
	GlobalSection(ExtensibilityGlobals) = postSolution
		SolutionGuid = {4BEC33AE-89EF-43DA-92E9-8DAA7366E63C}
	EndGlobalSection
EndGlobal
